
Microsoft Visual Studio Solution File, Format Version 12.00
# Visual Studio Version 16
VisualStudioVersion = 16.0.32630.194
MinimumVisualStudioVersion = 10.0.40219.1
Project("{FAE04EC0-301F-11D3-BF4B-00C04F79EFBC}") = "JoeMWindowsFormsApp", "JoeMWindowsFormsApp\JoeMWindowsFormsApp.csproj", "{7FB17171-53DB-43AA-8C19-1D21DEB12D28}"
EndProject
Global
	GlobalSection(SolutionConfigurationPlatforms) = preSolution
		Debug|Any CPU = Debug|Any CPU
		Release|Any CPU = Release|Any CPU
	EndGlobalSection
	GlobalSection(ProjectConfigurationPlatforms) = postSolution
		{7FB17171-53DB-43AA-8C19-1D21DEB12D28}.Debug|Any CPU.ActiveCfg = Debug|Any CPU
		{7FB17171-53DB-43AA-8C19-1D21DEB12D28}.Debug|Any CPU.Build.0 = Debug|Any CPU
		{7FB17171-53DB-43AA-8C19-1D21DEB12D28}.Release|Any CPU.ActiveCfg = Release|Any CPU
		{7FB17171-53DB-43AA-8C19-1D21DEB12D28}.Release|Any CPU.Build.0 = Release|Any CPU
	EndGlobalSection
	GlobalSection(SolutionProperties) = preSolution
		HideSolutionNode = FALSE
	EndGlobalSection
	GlobalSection(ExtensibilityGlobals) = postSolution
		SolutionGuid = {3F9C5748-EE0F-4D66-9AF8-225D166B79D7}
	EndGlobalSection
EndGlobal
